<Solution>
  <Project Path="Library.Api.Tests/Library.Api.Tests.csproj" />
  <Project Path="Library.Api/Library.Api.csproj" />
  <Project Path="Library.Application/Library.Application.csproj" Id="19c7f350-d467-43e3-9d39-b399f3e80e81" />
  <Project Path="Library.Domain/Library.Domain.csproj" Id="9023c3b1-e433-4380-9cb8-e0159251b656" />
</Solution>
